
Microsoft Visual Studio Solution File, Format Version 12.00
Project("{FAE04EC0-301F-11D3-BF4B-00C04F79EFBC}") = "lab_5_1", "lab_5_1\lab_5_1.csproj", "{F38B034B-4186-4CBF-AB28-B3BB0127C54E}"
EndProject
Global
	GlobalSection(SolutionConfigurationPlatforms) = preSolution
		Debug|Any CPU = Debug|Any CPU
		Release|Any CPU = Release|Any CPU
	EndGlobalSection
	GlobalSection(ProjectConfigurationPlatforms) = postSolution
		{F38B034B-4186-4CBF-AB28-B3BB0127C54E}.Debug|Any CPU.ActiveCfg = Debug|Any CPU
		{F38B034B-4186-4CBF-AB28-B3BB0127C54E}.Debug|Any CPU.Build.0 = Debug|Any CPU
		{F38B034B-4186-4CBF-AB28-B3BB0127C54E}.Release|Any CPU.ActiveCfg = Release|Any CPU
		{F38B034B-4186-4CBF-AB28-B3BB0127C54E}.Release|Any CPU.Build.0 = Release|Any CPU
	EndGlobalSection
EndGlobal
