
Microsoft Visual Studio Solution File, Format Version 12.00
Project("{FAE04EC0-301F-11D3-BF4B-00C04F79EFBC}") = "c_lab1", "c_lab1\c_lab1.csproj", "{DE5E9016-CE61-420D-9CF5-321CD9D6632D}"
EndProject
Global
	GlobalSection(SolutionConfigurationPlatforms) = preSolution
		Debug|Any CPU = Debug|Any CPU
		Release|Any CPU = Release|Any CPU
	EndGlobalSection
	GlobalSection(ProjectConfigurationPlatforms) = postSolution
		{DE5E9016-CE61-420D-9CF5-321CD9D6632D}.Debug|Any CPU.ActiveCfg = Debug|Any CPU
		{DE5E9016-CE61-420D-9CF5-321CD9D6632D}.Debug|Any CPU.Build.0 = Debug|Any CPU
		{DE5E9016-CE61-420D-9CF5-321CD9D6632D}.Release|Any CPU.ActiveCfg = Release|Any CPU
		{DE5E9016-CE61-420D-9CF5-321CD9D6632D}.Release|Any CPU.Build.0 = Release|Any CPU
	EndGlobalSection
EndGlobal
